# Generated by move; do not edit
# This file should be checked in.

[move]
version = 4

[pinned.mainnet.MoveStdlib]
source = { git = "https://github.com/MystenLabs/sui.git", subdir = "crates/sui-framework/packages/move-stdlib", rev = "655576caa3d7faaed39ebbc15d1bcc91d0761aee" }
use_environment = "mainnet"
manifest_digest = "C4FE4C91DE74CBF223B2E380AE40F592177D21870DC2D7EB6227D2D694E05363"
deps = {}

[pinned.mainnet.Sui]
source = { git = "https://github.com/MystenLabs/sui.git", subdir = "crates/sui-framework/packages/sui-framework", rev = "655576caa3d7faaed39ebbc15d1bcc91d0761aee" }
use_environment = "mainnet"
manifest_digest = "CD547CB1ACCE0880C835DAED2D8FFCB91D56C833AE5240D3AA5B918398263195"
deps = { MoveStdlib = "MoveStdlib" }

[pinned.mainnet.locked_token]
source = { root = true }
use_environment = "mainnet"
manifest_digest = "74D499A47226D8F7A178930B275B879EE47F383206AD6C7E5C4A353ECFF5DD5E"
deps = { std = "MoveStdlib", sui = "Sui", sui_extensions = "sui_extensions" }

[pinned.mainnet.sui_extensions]
source = { git = "https://github.com/multiversx/stablecoin-sui.git", subdir = "packages/sui_extensions", rev = "cf6a0cd6cf2272c889be49051e8c3bac5251cd83" }
use_environment = "mainnet"
manifest_digest = "E41BBD67BE8940D26C79D78B028477EF5B33BA217A1282C78ACB344CF8A5ECF6"
deps = { std = "MoveStdlib", sui = "Sui" }
